github.com/agext/levenshtein v1.2.3 h1:YB2fHEn0UJagG8T1rrWknE3ZQzWM06O8AMAatNn7lmo=
github.com/agext/levenshtein v1.2.3/go.mod h1:JEDfjyjHDjOF/1e4FlBE/PkbqA9OfWu2ki2W0IB5558=
github.com/ahmetb/go-linq/v3 v3.2.0 h1:BEuMfp+b59io8g5wYzNoFe9pWPalRklhlhbiU3hYZDE=
github.com/ahmetb/go-linq/v3 v3.2.0/go.mod h1:haQ3JfOeWK8HpVxMtHHEMPVgBKiYyQ+f1/kLZh/cj9U=
github.com/apparentlymart/go-textseg/v13 v13.0.0 h1:Y+KvPE1NYz0xl601PVImeQfFyEy6iT90AvPUL1NNfNw=
github.com/apparentlymart/go-textseg/v13 v13.0.0/go.mod h1:ZK2fH7c4NqDTLtiYLvIkEghdlcqw7yxLeM89kiTRPUo=
github.com/davecgh/go-spew v1.1.1 h1:vj9j/u1bqnvCEfJOwUhtlOARqs3+rkHYY13jYWTU97c=
github.com/davecgh/go-spew v1.1.1/go.mod h1:J7Y8YcW2NihsgmVo/mv3lAwl/skON4iLHjSsI+c5H38=
github.com/go-test/deep v1.0.3 h1:ZrJSEWsXzPOxaZnFteGEfooLba+ju3FYIbOrS+rQd68=
github.com/google/go-cmp v0.5.9 h1:O2Tfq5qg4qc4AmwVlvv0oLiVAGB7enBSJ2x2DqQFi38=
github.com/google/go-cmp v0.5.9/go.mod h1:17dUlkBOakJ0+DkrSSNjCkIjxS6bF9zb3elmeNGIjoY=
github.com/hashicorp/go-version v1.6.0 h1:feTTfFNnjP967rlCxM/I9g701jU+RN74YKx2mOkIeek=
github.com/hashicorp/go-version v1.6.0/go.mod h1:fltr4n8CU8Ke44wwGCBoEymUuxUHl09ZGVZPK5anwXA=
github.com/hashicorp/hcl v0.0.0-20170504190234-a4b07c25de5f h1:UdxlrJz4JOnY8W+DbLISwf2B8WXEolNRA8BGCwI9jws=
github.com/hashicorp/hcl v0.0.0-20170504190234-a4b07c25de5f/go.mod h1:oZtUIOe8dh44I2q6ScRibXws4Ajl+d+nod3AaR9vL5w=
github.com/hashicorp/hcl/v2 v2.17.0 h1:z1XvSUyXd1HP10U4lrLg5e0JMVz6CPaJvAgxM0KNZVY=
github.com/hashicorp/hcl/v2 v2.17.0/go.mod h1:gJyW2PTShkJqQBKpAmPO3yxMxIuoXkOF2TpqXzrQyx4=
github.com/hashicorp/terraform-config-inspect v0.0.0-20230614215431-f32df32a01cd h1:1uPcotqoL4TjcGKlgIe7OFSRplf7BMVtUjekwmCrvuM=
github.com/hashicorp/terraform-config-inspect v0.0.0-20230614215431-f32df32a01cd/go.mod h1:l8HcFPm9cQh6Q0KSWoYPiePqMvRFenybP1CH2MjKdlg=
github.com/hashicorp/terraform-json v0.17.1 h1:eMfvh/uWggKmY7Pmb3T85u86E2EQg6EQHgyRwf3RkyA=
github.com/hashicorp/terraform-json v0.17.1/go.mod h1:Huy6zt6euxaY9knPAFKjUITn8QxUFIe9VuSzb4zn/0o=
github.com/kr/pretty v0.1.0 h1:L/CwN0zerZDmRFUapSPitk6f+Q3+0za1rQkzVuMiMFI=
github.com/kr/text v0.1.0 h1:45sCR5RtlFHMR4UwH9sdQ5TC8v0qDQCHnXt+kaKSTVE=
github.com/kylelemons/godebug v1.1.0 h1:RPNrshWIDI6G2gRW9EHilWtl7Z6Sb1BR0xunSBf0SNc=
github.com/lonegunmanb/azure-verified-module-fix v0.0.0-20230606023648-25b1bdf8a879 h1:U1zHON4MJCnqZuhilriXIzsW9/zXuUm7GAfBA+jzyeE=
github.com/lonegunmanb/azure-verified-module-fix v0.0.0-20230606023648-25b1bdf8a879/go.mod h1:gQQfyq7NAzFZkFUNtAVzv44Jk5oUl/WpkYXF6lcOCV0=
github.com/lonegunmanb/terraform-aws-schema/v2 v2.70.4 h1:8rQuBaw9uotjblsgrJUABSnBPjVetMYm+5SwTt+QI5c=
github.com/lonegunmanb/terraform-aws-schema/v2 v2.70.4/go.mod h1:4Pq4ZJSPg0mEtSve7+53UJGLqulwtrM6p6gA9a++08Y=
github.com/lonegunmanb/terraform-aws-schema/v3 v3.76.1 h1:11gsHdCkFAeTDcCJY36EdPiQM6d+Lc0BsghEhW1ILII=
github.com/lonegunmanb/terraform-aws-schema/v3 v3.76.1/go.mod h1:CI7i3qyLoD/XlIew5Yv+zRpFFdetEBhpIXWJXatgtYQ=
github.com/lonegunmanb/terraform-aws-schema/v4 v4.67.0 h1:ssy4uMEFjijkxORGG+SyU3njk2LMYs6RO0i+53T4rnM=
github.com/lonegunmanb/terraform-aws-schema/v4 v4.67.0/go.mod h1:QXLvpWSz5rNGenKQtdHpOlOh7cAet2BOgBXMjqoGYy4=
github.com/lonegunmanb/terraform-aws-schema/v5 v5.13.1 h1:RHjWf5pxrq9zTH29g71cRvsgiNhvCbGdsYLnt7W2T7U=
github.com/lonegunmanb/terraform-aws-schema/v5 v5.13.1/go.mod h1:aMpmkBda0aCKUiEEMJPzDhmxF5Gy2iqF16lacZ0cTDk=
github.com/lonegunmanb/terraform-azapi-schema v1.8.0 h1:QISWpbxkP8RTTG0hqKGzlRiOlLQYFGXVRSxyvJMChFE=
github.com/lonegunmanb/terraform-azapi-schema v1.8.0/go.mod h1:8XvGuNVOdtqw69nShLbpZgkr26WSzXOsFvVjsx9pVL4=
github.com/lonegunmanb/terraform-azuread-schema/v2 v2.41.0 h1:KJYI8ndL0eeKS0KLB37vk5Ptp3Z3D/xM9C6Yp4JjftM=
github.com/lonegunmanb/terraform-azuread-schema/v2 v2.41.0/go.mod h1:94sbKFTuVHqrTFonv1L2hg9mVTAWHFD17aljIX6J5g4=
github.com/lonegunmanb/terraform-azurerm-schema/v2 v2.99.0 h1:G5IJgiWe6npIViTDeyE3tSGWHWYvdrCjO0VADm172bQ=
github.com/lonegunmanb/terraform-azurerm-schema/v2 v2.99.0/go.mod h1:k9mRJlwqithRQfRMzWfsLuWknIAx4sUAuQeW0kRId88=
github.com/lonegunmanb/terraform-azurerm-schema/v3 v3.70.0 h1:tYkp9RLY+ng99a6sVSKJumSwL3Kx/UnBIQqs4BB/uZo=
github.com/lonegunmanb/terraform-azurerm-schema/v3 v3.70.0/go.mod h1:cqADfDaMVZVWuj8+4Yzzz4/UVQyfW1KZ+mn7PCSoV40=
github.com/lonegunmanb/terraform-google-schema/v2 v2.20.3 h1:2iS6Kb7Fnjt0XnD0BbFD/LxHt1WO3tXI6PFVclmHVLg=
github.com/lonegunmanb/terraform-google-schema/v2 v2.20.3/go.mod h1:5SOCCxmln16gVopQ1CPRXDq1kHq4oTT4rBRcqk+qmbE=
github.com/lonegunmanb/terraform-google-schema/v3 v3.90.1 h1:53w7GBFTVQffQWJm7qvLnC/gODTPlikWs3JDJXpQ39c=
github.com/lonegunmanb/terraform-google-schema/v3 v3.90.1/go.mod h1:ST7y3Sx4mq1RGRCG67KrNDUQ+P2EIyG/rYSM+hC08F4=
github.com/lonegunmanb/terraform-google-schema/v4 v4.80.0 h1:2sfsd9Ah3UpP1qsgVr+wBlfZ58M/1BQdzSUHnNPWKpA=
github.com/lonegunmanb/terraform-google-schema/v4 v4.80.0/go.mod h1:qDyl6UjUn3a3rHATmeMQCR+iYC/hmfVq99QMRgFEkCw=
github.com/lonegunmanb/terraform-local-schema/v2 v2.4.0 h1:ihO5Axdmn5SpHG6jF8KpVBzjBSzK1feJl+mpkZjSC88=
github.com/lonegunmanb/terraform-local-schema/v2 v2.4.0/go.mod h1:u0L8ZQExPIbyazM/IVRKy5w5epWK3R01+8e5lzI+jvM=
github.com/lonegunmanb/terraform-null-schema/v3 v3.2.1 h1:0cgtSJ5fDS75t1O+evxqh/pUU7IJGGRD2j0GNdCesZA=
github.com/lonegunmanb/terraform-null-schema/v3 v3.2.1/go.mod h1:hQD0sJiBK61gf4NlGuakdX53fGCc084vLqVXd6IgWzs=
github.com/lonegunmanb/terraform-random-schema/v3 v3.5.1 h1:1/sLn0mfSjtCDRGxV1o42X6UaF092HQb6Id0eD5bVpM=
github.com/lonegunmanb/terraform-random-schema/v3 v3.5.1/go.mod h1:xKxDL668MXgHZVL4H+VzwKPYY5GDvtdNYmU6KvjAGcg=
github.com/lonegunmanb/terraform-template-schema/v2 v2.2.0 h1:dbD4+ResOG4234ysG9HHXyZaYGynHefPzO70Rk/ktcs=
github.com/lonegunmanb/terraform-template-schema/v2 v2.2.0/go.mod h1:FXrD523CXVw67Yn5xmlppTub47/1/UI+/SZjKq8G6X4=
github.com/lonegunmanb/terraform-time-schema v0.9.1 h1:YVaHU0qvBAXbRcihOyHv+qzoV8US8BvnNpmUi8b636w=
github.com/lonegunmanb/terraform-time-schema v0.9.1/go.mod h1:11zE0UeIJeh4alMAjr7gb6h5baAt4iRQOsN6iWPjE+g=
github.com/lonegunmanb/terraform-tls-schema/v4 v4.0.4 h1:LD59pahKRCBwrkO0v3QcZRaGR2uxvIY6fdFfo9HOpCg=
github.com/lonegunmanb/terraform-tls-schema/v4 v4.0.4/go.mod h1:O0UVkiuZOAfpGWYM6WIu9xnJY0L4BF4HPedee2Ds+Hk=
github.com/mitchellh/go-wordwrap v1.0.1 h1:TLuKupo69TCn6TQSyGxwI1EblZZEsQ0vMlAFQflz0v0=
github.com/mitchellh/go-wordwrap v1.0.1/go.mod h1:R62XHJLzvMFRBbcrT7m7WgmE1eOyTSsCt+hzestvNj0=
github.com/pmezard/go-difflib v1.0.0 h1:4DBwDE0NGyQoBHbLQYPwSUPoCMWR5BEzIk/f1lZbAQM=
github.com/pmezard/go-difflib v1.0.0/go.mod h1:iKH77koFhYxTK1pcRnkKkqfTogsbg7gZNVY4sRDYZ/4=
github.com/sergi/go-diff v1.2.0 h1:XU+rvMAioB0UC3q1MFrIQy4Vo5/4VsRDQQXHsEya6xQ=
github.com/stretchr/testify v1.8.4 h1:CcVxjf3Q8PM0mHUKJCdn+eZZtm5yQwehR5yeSVQQcUk=
github.com/stretchr/testify v1.8.4/go.mod h1:sz/lmYIOXD/1dqDmKjjqLyZ2RngseejIcXlSw2iwfAo=
github.com/zclconf/go-cty v1.13.2 h1:4GvrUxe/QUDYuJKAav4EYqdM47/kZa672LwmXFmEKT0=
github.com/zclconf/go-cty v1.13.2/go.mod h1:YKQzy/7pZ7iq2jNFzy5go57xdxdWoLLpaEp4u238AE0=
golang.org/x/text v0.12.0 h1:k+n5B8goJNdU7hSvEtMUz3d1Q6D/XW4COJSJR6fN0mc=
golang.org/x/text v0.12.0/go.mod h1:TvPlkZtksWOMsz7fbANvkp4WM8x/WCo/om8BMLbz+aE=
gopkg.in/check.v1 v0.0.0-20161208181325-20d25e280405 h1:yhCVgyC4o1eVCa2tZl7eS0r+SDo693bJlVdllGtEeKM=
gopkg.in/check.v1 v0.0.0-20161208181325-20d25e280405/go.mod h1:Co6ibVJAznAaIkqp8huTwlJQCZ016jof/cbN4VW5Yz0=
gopkg.in/yaml.v3 v3.0.1 h1:fxVm/GzAzEWqLHuvctI91KS9hhNmmWOoWu0XTYJS7CA=
gopkg.in/yaml.v3 v3.0.1/go.mod h1:K4uyk7z7BCEPqu6E+C64Yfv1cQ7kz7rIZviUmN+EgEM=
